
Microsoft Visual Studio Solution File, Format Version 12.00
# Visual Studio Version 17
VisualStudioVersion = 17.8.34322.80
MinimumVisualStudioVersion = 10.0.40219.1
Project("{FAE04EC0-301F-11D3-BF4B-00C04F79EFBC}") = "RestManager", "RestManager.csproj", "{654A6782-561C-4CAC-9C9B-34AB7A9C9AB3}"
EndProject
Global
	GlobalSection(SolutionConfigurationPlatforms) = preSolution
		Debug|Any CPU = Debug|Any CPU
		Release|Any CPU = Release|Any CPU
	EndGlobalSection
	GlobalSection(ProjectConfigurationPlatforms) = postSolution
		{654A6782-561C-4CAC-9C9B-34AB7A9C9AB3}.Debug|Any CPU.ActiveCfg = Debug|Any CPU
		{654A6782-561C-4CAC-9C9B-34AB7A9C9AB3}.Debug|Any CPU.Build.0 = Debug|Any CPU
		{654A6782-561C-4CAC-9C9B-34AB7A9C9AB3}.Release|Any CPU.ActiveCfg = Release|Any CPU
		{654A6782-561C-4CAC-9C9B-34AB7A9C9AB3}.Release|Any CPU.Build.0 = Release|Any CPU
	EndGlobalSection
	GlobalSection(SolutionProperties) = preSolution
		HideSolutionNode = FALSE
	EndGlobalSection
	GlobalSection(ExtensibilityGlobals) = postSolution
		SolutionGuid = {7D858E07-110F-4E76-A4F5-C927EFEAFCFC}
	EndGlobalSection
EndGlobal
